{
  "name": "3dnest-proxy",
  "version": "1.0.0",
  "lockfileVersion": 2,
  "requires": true,
  "packages": {
    "": {
      "name": "3dnest-proxy",
      "version": "1.0.0",
      "license": "ISC",
      "dependencies": {
        "@lemonce3/mitm": "^0.8.1"
      }
    },
    "node_modules/@lemonce3/mitm": {
      "version": "0.8.1",
      "resolved": "https://registry.npmjs.org/@lemonce3/mitm/-/mitm-0.8.1.tgz",
      "integrity": "sha512-wZWbx70JK6kghuTISzEuyI3Q+2hj+SxiIBMwRYr79+XkUDfQSj8WvnTyhBJHJT2lSuB8XrbMya8+gg6A45eabA==",
      "dependencies": {
        "node-forge": "^0.10.0"
      }
    },
    "node_modules/node-forge": {
      "version": "0.10.0",
      "resolved": "https://registry.npmjs.org/node-forge/-/node-forge-0.10.0.tgz",
      "integrity": "sha512-PPmu8eEeG9saEUvI97fm4OYxXVB6bFvyNTyiUOBichBpFG8A1Ljw3bY62+5oOjDEMHRnd0Y7HQ+x7uzxOzC6JA==",
      "engines": {
        "node": ">= 6.0.0"
      }
    }
  },
  "dependencies": {
    "@lemonce3/mitm": {
      "version": "0.8.1",
      "resolved": "https://registry.npmjs.org/@lemonce3/mitm/-/mitm-0.8.1.tgz",
      "integrity": "sha512-wZWbx70JK6kghuTISzEuyI3Q+2hj+SxiIBMwRYr79+XkUDfQSj8WvnTyhBJHJT2lSuB8XrbMya8+gg6A45eabA==",
      "requires": {
        "node-forge": "^0.10.0"
      }
    },
    "node-forge": {
      "version": "0.10.0",
      "resolved": "https://registry.npmjs.org/node-forge/-/node-forge-0.10.0.tgz",
      "integrity": "sha512-PPmu8eEeG9saEUvI97fm4OYxXVB6bFvyNTyiUOBichBpFG8A1Ljw3bY62+5oOjDEMHRnd0Y7HQ+x7uzxOzC6JA=="
    }
  }
}
